
Microsoft Visual Studio Solution File, Format Version 12.00
# Visual Studio 15
VisualStudioVersion = 15.0.27004.2002
MinimumVisualStudioVersion = 15.0.26124.0
Project("{2150E333-8FDC-42A3-9474-1A3956D46DE8}") = "Solution Items", "Solution Items", "{889F34A5-2602-4B01-8DCB-5BED7FFDA3E9}"
	ProjectSection(SolutionItems) = preProject
		.editorconfig = .editorconfig
		build.cmd = build.cmd
		COPYING.txt = COPYING.txt
		Elmah.Oracle.nuspec = Elmah.Oracle.nuspec
		msbuild.cmd = msbuild.cmd
		pack.cmd = pack.cmd
		README.md = README.md
	EndProjectSection
EndProject
Project("{FAE04EC0-301F-11D3-BF4B-00C04F79EFBC}") = "Elmah.Oracle", "src\Elmah.Oracle.csproj", "{1EFF8E01-6259-4E57-A2E7-A44F201077DE}"
EndProject
Project("{FAE04EC0-301F-11D3-BF4B-00C04F79EFBC}") = "Elmah.Oracle.Tests", "tests\Elmah.Oracle.Tests.csproj", "{C6AF9058-D17E-48B4-887B-AD42BB458750}"
EndProject
Global
	GlobalSection(SolutionConfigurationPlatforms) = preSolution
		NETFX 3.5 Debug|Any CPU = NETFX 3.5 Debug|Any CPU
		NETFX 3.5 Release|Any CPU = NETFX 3.5 Release|Any CPU
		NETFX 4.0 Debug|Any CPU = NETFX 4.0 Debug|Any CPU
		NETFX 4.0 Release|Any CPU = NETFX 4.0 Release|Any CPU
		NETFX 4.5 Debug|Any CPU = NETFX 4.5 Debug|Any CPU
		NETFX 4.5 Release|Any CPU = NETFX 4.5 Release|Any CPU
	EndGlobalSection
	GlobalSection(ProjectConfigurationPlatforms) = postSolution
		{1EFF8E01-6259-4E57-A2E7-A44F201077DE}.NETFX 3.5 Debug|Any CPU.ActiveCfg = NETFX 3.5 Debug|Any CPU
		{1EFF8E01-6259-4E57-A2E7-A44F201077DE}.NETFX 3.5 Debug|Any CPU.Build.0 = NETFX 3.5 Debug|Any CPU
		{1EFF8E01-6259-4E57-A2E7-A44F201077DE}.NETFX 3.5 Release|Any CPU.ActiveCfg = NETFX 3.5 Release|Any CPU
		{1EFF8E01-6259-4E57-A2E7-A44F201077DE}.NETFX 3.5 Release|Any CPU.Build.0 = NETFX 3.5 Release|Any CPU
		{1EFF8E01-6259-4E57-A2E7-A44F201077DE}.NETFX 4.0 Debug|Any CPU.ActiveCfg = NETFX 4.0 Debug|Any CPU
		{1EFF8E01-6259-4E57-A2E7-A44F201077DE}.NETFX 4.0 Debug|Any CPU.Build.0 = NETFX 4.0 Debug|Any CPU
		{1EFF8E01-6259-4E57-A2E7-A44F201077DE}.NETFX 4.0 Release|Any CPU.ActiveCfg = NETFX 4.0 Release|Any CPU
		{1EFF8E01-6259-4E57-A2E7-A44F201077DE}.NETFX 4.0 Release|Any CPU.Build.0 = NETFX 4.0 Release|Any CPU
		{1EFF8E01-6259-4E57-A2E7-A44F201077DE}.NETFX 4.5 Debug|Any CPU.ActiveCfg = NETFX 4.5 Debug|Any CPU
		{1EFF8E01-6259-4E57-A2E7-A44F201077DE}.NETFX 4.5 Debug|Any CPU.Build.0 = NETFX 4.5 Debug|Any CPU
		{1EFF8E01-6259-4E57-A2E7-A44F201077DE}.NETFX 4.5 Release|Any CPU.ActiveCfg = NETFX 4.5 Release|Any CPU
		{1EFF8E01-6259-4E57-A2E7-A44F201077DE}.NETFX 4.5 Release|Any CPU.Build.0 = NETFX 4.5 Release|Any CPU
		{C6AF9058-D17E-48B4-887B-AD42BB458750}.NETFX 3.5 Debug|Any CPU.ActiveCfg = NETFX 4.5 Debug|Any CPU
		{C6AF9058-D17E-48B4-887B-AD42BB458750}.NETFX 3.5 Release|Any CPU.ActiveCfg = NETFX 4.5 Release|Any CPU
		{C6AF9058-D17E-48B4-887B-AD42BB458750}.NETFX 4.0 Debug|Any CPU.ActiveCfg = NETFX 4.5 Release|Any CPU
		{C6AF9058-D17E-48B4-887B-AD42BB458750}.NETFX 4.0 Release|Any CPU.ActiveCfg = NETFX 4.5 Release|Any CPU
		{C6AF9058-D17E-48B4-887B-AD42BB458750}.NETFX 4.5 Debug|Any CPU.ActiveCfg = NETFX 4.5 Debug|Any CPU
		{C6AF9058-D17E-48B4-887B-AD42BB458750}.NETFX 4.5 Debug|Any CPU.Build.0 = NETFX 4.5 Debug|Any CPU
		{C6AF9058-D17E-48B4-887B-AD42BB458750}.NETFX 4.5 Release|Any CPU.ActiveCfg = NETFX 4.5 Release|Any CPU
		{C6AF9058-D17E-48B4-887B-AD42BB458750}.NETFX 4.5 Release|Any CPU.Build.0 = NETFX 4.5 Release|Any CPU
	EndGlobalSection
	GlobalSection(SolutionProperties) = preSolution
		HideSolutionNode = FALSE
	EndGlobalSection
	GlobalSection(ExtensibilityGlobals) = postSolution
		SolutionGuid = {ED8A0F2A-6E9C-41D8-A2FA-307D3C448747}
	EndGlobalSection
EndGlobal
